
Microsoft Visual Studio Solution File, Format Version 12.00
# Visual Studio 15
VisualStudioVersion = 15.0.28307.902
MinimumVisualStudioVersion = 10.0.40219.1
Project("{FAE04EC0-301F-11D3-BF4B-00C04F79EFBC}") = "CsvViewer", "CsvViewer\CsvViewer.csproj", "{6B07FA99-4372-49DC-BBD0-447E0121A2B6}"
EndProject
Global
	GlobalSection(SolutionConfigurationPlatforms) = preSolution
		Debug|Any CPU = Debug|Any CPU
		Release|Any CPU = Release|Any CPU
	EndGlobalSection
	GlobalSection(ProjectConfigurationPlatforms) = postSolution
		{6B07FA99-4372-49DC-BBD0-447E0121A2B6}.Debug|Any CPU.ActiveCfg = Debug|Any CPU
		{6B07FA99-4372-49DC-BBD0-447E0121A2B6}.Debug|Any CPU.Build.0 = Debug|Any CPU
		{6B07FA99-4372-49DC-BBD0-447E0121A2B6}.Release|Any CPU.ActiveCfg = Release|Any CPU
		{6B07FA99-4372-49DC-BBD0-447E0121A2B6}.Release|Any CPU.Build.0 = Release|Any CPU
	EndGlobalSection
	GlobalSection(SolutionProperties) = preSolution
		HideSolutionNode = FALSE
	EndGlobalSection
	GlobalSection(ExtensibilityGlobals) = postSolution
		SolutionGuid = {7B8A2099-3F1B-4347-8A95-B2C9F2430525}
	EndGlobalSection
EndGlobal
